// !$*UTF8*$!
{
	archiveVersion = 1;
	classes = {
	};
	objectVersion = 51;
	objects = {

/* Begin PBXBuildFile section */
		4061FF9125FB84A40097034C /* AppDelegate.swift in Sources */ = {isa = PBXBuildFile; fileRef = 4061FF9025FB84A40097034C /* AppDelegate.swift */; };
		4061FF9325FB84A40097034C /* SceneDelegate.swift in Sources */ = {isa = PBXBuildFile; fileRef = 4061FF9225FB84A40097034C /* SceneDelegate.swift */; };
		4061FF9525FB84A40097034C /* ViewController.swift in Sources */ = {isa = PBXBuildFile; fileRef = 4061FF9425FB84A40097034C /* ViewController.swift */; };
		4061FF9825FB84A40097034C /* Main.storyboard in Resources */ = {isa = PBXBuildFile; fileRef = 4061FF9625FB84A40097034C /* Main.storyboard */; };
		4061FF9A25FB84A90097034C /* Assets.xcassets in Resources */ = {isa = PBXBuildFile; fileRef = 4061FF9925FB84A90097034C /* Assets.xcassets */; };
		4061FF9D25FB84A90097034C /* LaunchScreen.storyboard in Resources */ = {isa = PBXBuildFile; fileRef = 4061FF9B25FB84A90097034C /* LaunchScreen.storyboard */; };
		4061FFA725FB84F80097034C /* NoteViewController.swift in Sources */ = {isa = PBXBuildFile; fileRef = 4061FFA625FB84F80097034C /* NoteViewController.swift */; };
		4061FFAB25FB85610097034C /* EntryViewController.swift in Sources */ = {isa = PBXBuildFile; fileRef = 4061FFAA25FB85610097034C /* EntryViewController.swift */; };
		4061FFC025FD1AB10097034C /* Item.swift in Sources */ = {isa = PBXBuildFile; fileRef = 4061FFBF25FD1AB10097034C /* Item.swift */; };
		46146E02C0400D7C822ED20A /* Pods_Notepad.framework in Frameworks */ = {isa = PBXBuildFile; fileRef = 1D3D2FA6854F6F48E3CBF951 /* Pods_Notepad.framework */; };
/* End PBXBuildFile section */

/* Begin PBXFileReference section */
		1D3D2FA6854F6F48E3CBF951 /* Pods_Notepad.framework */ = {isa = PBXFileReference; explicitFileType = wrapper.framework; includeInIndex = 0; path = Pods_Notepad.framework; sourceTree = BUILT_PRODUCTS_DIR; };
		4061FF8D25FB84A40097034C /* Notepad.app */ = {isa = PBXFileReference; explicitFileType = wrapper.application; includeInIndex = 0; path = Notepad.app; sourceTree = BUILT_PRODUCTS_DIR; };
		4061FF9025FB84A40097034C /* AppDelegate.swift */ = {isa = PBXFileReference; lastKnownFileType = sourcecode.swift; path = AppDelegate.swift; sourceTree = "<group>"; };
		4061FF9225FB84A40097034C /* SceneDelegate.swift */ = {isa = PBXFileReference; lastKnownFileType = sourcecode.swift; path = SceneDelegate.swift; sourceTree = "<group>"; };
		4061FF9425FB84A40097034C /* ViewController.swift */ = {isa = PBXFileReference; lastKnownFileType = sourcecode.swift; path = ViewController.swift; sourceTree = "<group>"; };
		4061FF9725FB84A40097034C /* Base */ = {isa = PBXFileReference; lastKnownFileType = file.storyboard; name = Base; path = Base.lproj/Main.storyboard; sourceTree = "<group>"; };
		4061FF9925FB84A90097034C /* Assets.xcassets */ = {isa = PBXFileReference; lastKnownFileType = folder.assetcatalog; path = Assets.xcassets; sourceTree = "<group>"; };
		4061FF9C25FB84A90097034C /* Base */ = {isa = PBXFileReference; lastKnownFileType = file.storyboard; name = Base; path = Base.lproj/LaunchScreen.storyboard; sourceTree = "<group>"; };
		4061FF9E25FB84A90097034C /* Info.plist */ = {isa = PBXFileReference; lastKnownFileType = text.plist.xml; path = Info.plist; sourceTree = "<group>"; };
		4061FFA625FB84F80097034C /* NoteViewController.swift */ = {isa = PBXFileReference; lastKnownFileType = sourcecode.swift; path = NoteViewController.swift; sourceTree = "<group>"; };
		4061FFAA25FB85610097034C /* EntryViewController.swift */ = {isa = PBXFileReference; lastKnownFileType = sourcecode.swift; path = EntryViewController.swift; sourceTree = "<group>"; };
		4061FFBF25FD1AB10097034C /* Item.swift */ = {isa = PBXFileReference; lastKnownFileType = sourcecode.swift; path = Item.swift; sourceTree = "<group>"; };
		6AF58C50FB7AA74A597C48B3 /* Pods-Notepad.debug.xcconfig */ = {isa = PBXFileReference; includeInIndex = 1; lastKnownFileType = text.xcconfig; name = "Pods-Notepad.debug.xcconfig"; path = "Target Support Files/Pods-Notepad/Pods-Notepad.debug.xcconfig"; sourceTree = "<group>"; };
		D05C9B19D850B92DAA4FAF9C /* Pods-Notepad.release.xcconfig */ = {isa = PBXFileReference; includeInIndex = 1; lastKnownFileType = text.xcconfig; name = "Pods-Notepad.release.xcconfig"; path = "Target Support Files/Pods-Notepad/Pods-Notepad.release.xcconfig"; sourceTree = "<group>"; };
/* End PBXFileReference section */

/* Begin PBXFrameworksBuildPhase section */
		4061FF8A25FB84A40097034C /* Frameworks */ = {
			isa = PBXFrameworksBuildPhase;
			buildActionMask = 2147483647;
			files = (
				46146E02C0400D7C822ED20A /* Pods_Notepad.framework in Frameworks */,
			);
			runOnlyForDeploymentPostprocessing = 0;
		};
/* End PBXFrameworksBuildPhase section */

/* Begin PBXGroup section */
		0BAD36FB3799564E8AB30CFE /* Pods */ = {
			isa = PBXGroup;
			children = (
				6AF58C50FB7AA74A597C48B3 /* Pods-Notepad.debug.xcconfig */,
				D05C9B19D850B92DAA4FAF9C /* Pods-Notepad.release.xcconfig */,
			);
			path = Pods;
			sourceTree = "<group>";
		};
		4061FF8425FB84A30097034C = {
			isa = PBXGroup;
			children = (
				4061FF8F25FB84A40097034C /* Notepad */,
				4061FF8E25FB84A40097034C /* Products */,
				689518BA0571D52964E6B223 /* Frameworks */,
				0BAD36FB3799564E8AB30CFE /* Pods */,
			);
			sourceTree = "<group>";
		};
		4061FF8E25FB84A40097034C /* Products */ = {
			isa = PBXGroup;
			children = (
				4061FF8D25FB84A40097034C /* Notepad.app */,
			);
			name = Products;
			sourceTree = "<group>";
		};
		4061FF8F25FB84A40097034C /* Notepad */ = {
			isa = PBXGroup;
			children = (
				4061FFBA25FD1A6B0097034C /* DataModel */,
				4061FFA525FB84BC0097034C /* Controllers */,
				4061FF9025FB84A40097034C /* AppDelegate.swift */,
				4061FF9225FB84A40097034C /* SceneDelegate.swift */,
				4061FF9625FB84A40097034C /* Main.storyboard */,
				4061FF9925FB84A90097034C /* Assets.xcassets */,
				4061FF9B25FB84A90097034C /* LaunchScreen.storyboard */,
				4061FF9E25FB84A90097034C /* Info.plist */,
			);
			path = Notepad;
			sourceTree = "<group>";
		};
		4061FFA525FB84BC0097034C /* Controllers */ = {
			isa = PBXGroup;
			children = (
				4061FF9425FB84A40097034C /* ViewController.swift */,
				4061FFA625FB84F80097034C /* NoteViewController.swift */,
				4061FFAA25FB85610097034C /* EntryViewController.swift */,
			);
			path = Controllers;
			sourceTree = "<group>";
		};
		4061FFBA25FD1A6B0097034C /* DataModel */ = {
			isa = PBXGroup;
			children = (
				4061FFBF25FD1AB10097034C /* Item.swift */,
			);
			path = DataModel;
			sourceTree = "<group>";
		};
		689518BA0571D52964E6B223 /* Frameworks */ = {
			isa = PBXGroup;
			children = (
				1D3D2FA6854F6F48E3CBF951 /* Pods_Notepad.framework */,
			);
			name = Frameworks;
			sourceTree = "<group>";
		};
/* End PBXGroup section */

/* Begin PBXNativeTarget section */
		4061FF8C25FB84A40097034C /* Notepad */ = {
			isa = PBXNativeTarget;
			buildConfigurationList = 4061FFA125FB84A90097034C /* Build configuration list for PBXNativeTarget "Notepad" */;
			buildPhases = (
				E030519365A89981908CD208 /* [CP] Check Pods Manifest.lock */,
				4061FF8925FB84A40097034C /* Sources */,
				4061FF8A25FB84A40097034C /* Frameworks */,
				4061FF8B25FB84A40097034C /* Resources */,
				25DE3A3D3E9DB7D9E06FE234 /* [CP] Embed Pods Frameworks */,
			);
			buildRules = (
			);
			dependencies = (
			);
			name = Notepad;
			productName = Notepad;
			productReference = 4061FF8D25FB84A40097034C /* Notepad.app */;
			productType = "com.apple.product-type.application";
		};
/* End PBXNativeTarget section */

/* Begin PBXProject section */
		4061FF8525FB84A30097034C /* Project object */ = {
			isa = PBXProject;
			attributes = {
				LastSwiftUpdateCheck = 1240;
				LastUpgradeCheck = 1240;
				TargetAttributes = {
					4061FF8C25FB84A40097034C = {
						CreatedOnToolsVersion = 12.4;
					};
				};
			};
			buildConfigurationList = 4061FF8825FB84A40097034C /* Build configuration list for PBXProject "Notepad" */;
			compatibilityVersion = "Xcode 9.3";
			developmentRegion = en;
			hasScannedForEncodings = 0;
			knownRegions = (
				en,
				Base,
			);
			mainGroup = 4061FF8425FB84A30097034C;
			productRefGroup = 4061FF8E25FB84A40097034C /* Products */;
			projectDirPath = "";
			projectRoot = "";
			targets = (
				4061FF8C25FB84A40097034C /* Notepad */,
			);
		};
/* End PBXProject section */

/* Begin PBXResourcesBuildPhase section */
		4061FF8B25FB84A40097034C /* Resources */ = {
			isa = PBXResourcesBuildPhase;
			buildActionMask = 2147483647;
			files = (
				4061FF9D25FB84A90097034C /* LaunchScreen.storyboard in Resources */,
				4061FF9A25FB84A90097034C /* Assets.xcassets in Resources */,
				4061FF9825FB84A40097034C /* Main.storyboard in Resources */,
			);
			runOnlyForDeploymentPostprocessing = 0;
		};
/* End PBXResourcesBuildPhase section */

/* Begin PBXShellScriptBuildPhase section */
		25DE3A3D3E9DB7D9E06FE234 /* [CP] Embed Pods Frameworks */ = {
			isa = PBXShellScriptBuildPhase;
			buildActionMask = 2147483647;
			files = (
			);
			inputFileListPaths = (
				"${PODS_ROOT}/Target Support Files/Pods-Notepad/Pods-Notepad-frameworks-${CONFIGURATION}-input-files.xcfilelist",
			);
			name = "[CP] Embed Pods Frameworks";
			outputFileListPaths = (
				"${PODS_ROOT}/Target Support Files/Pods-Notepad/Pods-Notepad-frameworks-${CONFIGURATION}-output-files.xcfilelist",
			);
			runOnlyForDeploymentPostprocessing = 0;
			shellPath = /bin/sh;
			shellScript = "\"${PODS_ROOT}/Target Support Files/Pods-Notepad/Pods-Notepad-frameworks.sh\"\n";
			showEnvVarsInLog = 0;
		};
		E030519365A89981908CD208 /* [CP] Check Pods Manifest.lock */ = {
			isa = PBXShellScriptBuildPhase;
			buildActionMask = 2147483647;
			files = (
			);
			inputFileListPaths = (
			);
			inputPaths = (
				"${PODS_PODFILE_DIR_PATH}/Podfile.lock",
				"${PODS_ROOT}/Manifest.lock",
			);
			name = "[CP] Check Pods Manifest.lock";
			outputFileListPaths = (
			);
			outputPaths = (
				"$(DERIVED_FILE_DIR)/Pods-Notepad-checkManifestLockResult.txt",
			);
			runOnlyForDeploymentPostprocessing = 0;
			shellPath = /bin/sh;
			shellScript = "diff \"${PODS_PODFILE_DIR_PATH}/Podfile.lock\" \"${PODS_ROOT}/Manifest.lock\" > /dev/null\nif [ $? != 0 ] ; then\n    # print error to STDERR\n    echo \"error: The sandbox is not in sync with the Podfile.lock. Run 'pod install' or update your CocoaPods installation.\" >&2\n    exit 1\nfi\n# This output is used by Xcode 'outputs' to avoid re-running this script phase.\necho \"SUCCESS\" > \"${SCRIPT_OUTPUT_FILE_0}\"\n";
			showEnvVarsInLog = 0;
		};
/* End PBXShellScriptBuildPhase section */

/* Begin PBXSourcesBuildPhase section */
		4061FF8925FB84A40097034C /* Sources */ = {
			isa = PBXSourcesBuildPhase;
			buildActionMask = 2147483647;
			files = (
				4061FFA725FB84F80097034C /* NoteViewController.swift in Sources */,
				4061FFAB25FB85610097034C /* EntryViewController.swift in Sources */,
				4061FF9525FB84A40097034C /* ViewController.swift in Sources */,
				4061FF9125FB84A40097034C /* AppDelegate.swift in Sources */,
				4061FFC025FD1AB10097034C /* Item.swift in Sources */,
				4061FF9325FB84A40097034C /* SceneDelegate.swift in Sources */,
			);
			runOnlyForDeploymentPostprocessing = 0;
		};
/* End PBXSourcesBuildPhase section */

/* Begin PBXVariantGroup section */
		4061FF9625FB84A40097034C /* Main.storyboard */ = {
			isa = PBXVariantGroup;
			children = (
				4061FF9725FB84A40097034C /* Base */,
			);
			name = Main.storyboard;
			sourceTree = "<group>";
		};
		4061FF9B25FB84A90097034C /* LaunchScreen.storyboard */ = {
			isa = PBXVariantGroup;
			children = (
				4061FF9C25FB84A90097034C /* Base */,
			);
			name = LaunchScreen.storyboard;
			sourceTree = "<group>";
		};
/* End PBXVariantGroup section */

/* Begin XCBuildConfiguration section */
		4061FF9F25FB84A90097034C /* Debug */ = {
			isa = XCBuildConfiguration;
			buildSettings = {
				ALWAYS_SEARCH_USER_PATHS = NO;
				CLANG_ANALYZER_NONNULL = YES;
				CLANG_ANALYZER_NUMBER_OBJECT_CONVERSION = YES_AGGRESSIVE;
				CLANG_CXX_LANGUAGE_STANDARD = "gnu++14";
				CLANG_CXX_LIBRARY = "libc++";
				CLANG_ENABLE_MODULES = YES;
				CLANG_ENABLE_OBJC_ARC = YES;
				CLANG_ENABLE_OBJC_WEAK = YES;
				CLANG_WARN_BLOCK_CAPTURE_AUTORELEASING = YES;
				CLANG_WARN_BOOL_CONVERSION = YES;
				CLANG_WARN_COMMA = YES;
				CLANG_WARN_CONSTANT_CONVERSION = YES;
				CLANG_WARN_DEPRECATED_OBJC_IMPLEMENTATIONS = YES;
				CLANG_WARN_DIRECT_OBJC_ISA_USAGE = YES_ERROR;
				CLANG_WARN_DOCUMENTATION_COMMENTS = YES;
				CLANG_WARN_EMPTY_BODY = YES;
				CLANG_WARN_ENUM_CONVERSION = YES;
				CLANG_WARN_INFINITE_RECURSION = YES;
				CLANG_WARN_INT_CONVERSION = YES;
				CLANG_WARN_NON_LITERAL_NULL_CONVERSION = YES;
				CLANG_WARN_OBJC_IMPLICIT_RETAIN_SELF = YES;
				CLANG_WARN_OBJC_LITERAL_CONVERSION = YES;
				CLANG_WARN_OBJC_ROOT_CLASS = YES_ERROR;
				CLANG_WARN_QUOTED_INCLUDE_IN_FRAMEWORK_HEADER = YES;
				CLANG_WARN_RANGE_LOOP_ANALYSIS = YES;
				CLANG_WARN_STRICT_PROTOTYPES = YES;
				CLANG_WARN_SUSPICIOUS_MOVE = YES;
				CLANG_WARN_UNGUARDED_AVAILABILITY = YES_AGGRESSIVE;
				CLANG_WARN_UNREACHABLE_CODE = YES;
				CLANG_WARN__DUPLICATE_METHOD_MATCH = YES;
				COPY_PHASE_STRIP = NO;
				DEBUG_INFORMATION_FORMAT = dwarf;
				ENABLE_STRICT_OBJC_MSGSEND = YES;
				ENABLE_TESTABILITY = YES;
				GCC_C_LANGUAGE_STANDARD = gnu11;
				GCC_DYNAMIC_NO_PIC = NO;
				GCC_NO_COMMON_BLOCKS = YES;
				GCC_OPTIMIZATION_LEVEL = 0;
				GCC_PREPROCESSOR_DEFINITIONS = (
					"DEBUG=1",
					"$(inherited)",
				);
				GCC_WARN_64_TO_32_BIT_CONVERSION = YES;
				GCC_WARN_ABOUT_RETURN_TYPE = YES_ERROR;
				GCC_WARN_UNDECLARED_SELECTOR = YES;
				GCC_WARN_UNINITIALIZED_AUTOS = YES_AGGRESSIVE;
				GCC_WARN_UNUSED_FUNCTION = YES;
				GCC_WARN_UNUSED_VARIABLE = YES;
				IPHONEOS_DEPLOYMENT_TARGET = 13.0;
				MTL_ENABLE_DEBUG_INFO = INCLUDE_SOURCE;
				MTL_FAST_MATH = YES;
				ONLY_ACTIVE_ARCH = YES;
				SDKROOT = iphoneos;
				SWIFT_ACTIVE_COMPILATION_CONDITIONS = DEBUG;
				SWIFT_OPTIMIZATION_LEVEL = "-Onone";
			};
			name = Debug;
		};
		4061FFA025FB84A90097034C /* Release */ = {
			isa = XCBuildConfiguration;
			buildSettings = {
				ALWAYS_SEARCH_USER_PATHS = NO;
				CLANG_ANALYZER_NONNULL = YES;
				CLANG_ANALYZER_NUMBER_OBJECT_CONVERSION = YES_AGGRESSIVE;
				CLANG_CXX_LANGUAGE_STANDARD = "gnu++14";
				CLANG_CXX_LIBRARY = "libc++";
				CLANG_ENABLE_MODULES = YES;
				CLANG_ENABLE_OBJC_ARC = YES;
				CLANG_ENABLE_OBJC_WEAK = YES;
				CLANG_WARN_BLOCK_CAPTURE_AUTORELEASING = YES;
				CLANG_WARN_BOOL_CONVERSION = YES;
				CLANG_WARN_COMMA = YES;
				CLANG_WARN_CONSTANT_CONVERSION = YES;
				CLANG_WARN_DEPRECATED_OBJC_IMPLEMENTATIONS = YES;
				CLANG_WARN_DIRECT_OBJC_ISA_USAGE = YES_ERROR;
				CLANG_WARN_DOCUMENTATION_COMMENTS = YES;
				CLANG_WARN_EMPTY_BODY = YES;
				CLANG_WARN_ENUM_CONVERSION = YES;
				CLANG_WARN_INFINITE_RECURSION = YES;
				CLANG_WARN_INT_CONVERSION = YES;
				CLANG_WARN_NON_LITERAL_NULL_CONVERSION = YES;
				CLANG_WARN_OBJC_IMPLICIT_RETAIN_SELF = YES;
				CLANG_WARN_OBJC_LITERAL_CONVERSION = YES;
				CLANG_WARN_OBJC_ROOT_CLASS = YES_ERROR;
				CLANG_WARN_QUOTED_INCLUDE_IN_FRAMEWORK_HEADER = YES;
				CLANG_WARN_RANGE_LOOP_ANALYSIS = YES;
				CLANG_WARN_STRICT_PROTOTYPES = YES;
				CLANG_WARN_SUSPICIOUS_MOVE = YES;
				CLANG_WARN_UNGUARDED_AVAILABILITY = YES_AGGRESSIVE;
				CLANG_WARN_UNREACHABLE_CODE = YES;
				CLANG_WARN__DUPLICATE_METHOD_MATCH = YES;
				COPY_PHASE_STRIP = NO;
				DEBUG_INFORMATION_FORMAT = "dwarf-with-dsym";
				ENABLE_NS_ASSERTIONS = NO;
				ENABLE_STRICT_OBJC_MSGSEND = YES;
				GCC_C_LANGUAGE_STANDARD = gnu11;
				GCC_NO_COMMON_BLOCKS = YES;
				GCC_WARN_64_TO_32_BIT_CONVERSION = YES;
				GCC_WARN_ABOUT_RETURN_TYPE = YES_ERROR;
				GCC_WARN_UNDECLARED_SELECTOR = YES;
				GCC_WARN_UNINITIALIZED_AUTOS = YES_AGGRESSIVE;
				GCC_WARN_UNUSED_FUNCTION = YES;
				GCC_WARN_UNUSED_VARIABLE = YES;
				IPHONEOS_DEPLOYMENT_TARGET = 13.0;
				MTL_ENABLE_DEBUG_INFO = NO;
				MTL_FAST_MATH = YES;
				SDKROOT = iphoneos;
				SWIFT_COMPILATION_MODE = wholemodule;
				SWIFT_OPTIMIZATION_LEVEL = "-O";
				VALIDATE_PRODUCT = YES;
			};
			name = Release;
		};
		4061FFA225FB84A90097034C /* Debug */ = {
			isa = XCBuildConfiguration;
			baseConfigurationReference = 6AF58C50FB7AA74A597C48B3 /* Pods-Notepad.debug.xcconfig */;
			buildSettings = {
				ASSETCATALOG_COMPILER_APPICON_NAME = AppIcon;
				ASSETCATALOG_COMPILER_GLOBAL_ACCENT_COLOR_NAME = AccentColor;
				CODE_SIGN_STYLE = Automatic;
				DEVELOPMENT_TEAM = URJBK2A2KA;
				INFOPLIST_FILE = Notepad/Info.plist;
				LD_RUNPATH_SEARCH_PATHS = (
					"$(inherited)",
					"@executable_path/Frameworks",
				);
				PRODUCT_BUNDLE_IDENTIFIER = com.elmira.Notepad;
				PRODUCT_NAME = "$(TARGET_NAME)";
				SWIFT_VERSION = 5.0;
				TARGETED_DEVICE_FAMILY = "1,2";
			};
			name = Debug;
		};
		4061FFA325FB84A90097034C /* Release */ = {
			isa = XCBuildConfiguration;
			baseConfigurationReference = D05C9B19D850B92DAA4FAF9C /* Pods-Notepad.release.xcconfig */;
			buildSettings = {
				ASSETCATALOG_COMPILER_APPICON_NAME = AppIcon;
				ASSETCATALOG_COMPILER_GLOBAL_ACCENT_COLOR_NAME = AccentColor;
				CODE_SIGN_STYLE = Automatic;
				DEVELOPMENT_TEAM = URJBK2A2KA;
				INFOPLIST_FILE = Notepad/Info.plist;
				LD_RUNPATH_SEARCH_PATHS = (
					"$(inherited)",
					"@executable_path/Frameworks",
				);
				PRODUCT_BUNDLE_IDENTIFIER = com.elmira.Notepad;
				PRODUCT_NAME = "$(TARGET_NAME)";
				SWIFT_VERSION = 5.0;
				TARGETED_DEVICE_FAMILY = "1,2";
			};
			name = Release;
		};
/* End XCBuildConfiguration section */

/* Begin XCConfigurationList section */
		4061FF8825FB84A40097034C /* Build configuration list for PBXProject "Notepad" */ = {
			isa = XCConfigurationList;
			buildConfigurations = (
				4061FF9F25FB84A90097034C /* Debug */,
				4061FFA025FB84A90097034C /* Release */,
			);
			defaultConfigurationIsVisible = 0;
			defaultConfigurationName = Release;
		};
		4061FFA125FB84A90097034C /* Build configuration list for PBXNativeTarget "Notepad" */ = {
			isa = XCConfigurationList;
			buildConfigurations = (
				4061FFA225FB84A90097034C /* Debug */,
				4061FFA325FB84A90097034C /* Release */,
			);
			defaultConfigurationIsVisible = 0;
			defaultConfigurationName = Release;
		};
/* End XCConfigurationList section */
	};
	rootObject = 4061FF8525FB84A30097034C /* Project object */;
}
